
Microsoft Visual Studio Solution File, Format Version 12.00
# Visual Studio Version 17
VisualStudioVersion = 17.3.32804.467
MinimumVisualStudioVersion = 10.0.40219.1
Project("{9A19103F-16F7-4668-BE54-9A1E7A4F7556}") = "WebApplication.CRUDUser", "WebApplication.User\WebApplication.CRUDUser.csproj", "{A4491B9E-1BA1-41B3-90C0-B38D46341E26}"
EndProject
Global
	GlobalSection(SolutionConfigurationPlatforms) = preSolution
		Debug|Any CPU = Debug|Any CPU
		Release|Any CPU = Release|Any CPU
	EndGlobalSection
	GlobalSection(ProjectConfigurationPlatforms) = postSolution
		{A4491B9E-1BA1-41B3-90C0-B38D46341E26}.Debug|Any CPU.ActiveCfg = Debug|Any CPU
		{A4491B9E-1BA1-41B3-90C0-B38D46341E26}.Debug|Any CPU.Build.0 = Debug|Any CPU
		{A4491B9E-1BA1-41B3-90C0-B38D46341E26}.Release|Any CPU.ActiveCfg = Release|Any CPU
		{A4491B9E-1BA1-41B3-90C0-B38D46341E26}.Release|Any CPU.Build.0 = Release|Any CPU
	EndGlobalSection
	GlobalSection(SolutionProperties) = preSolution
		HideSolutionNode = FALSE
	EndGlobalSection
	GlobalSection(ExtensibilityGlobals) = postSolution
		SolutionGuid = {0BEEC4E6-5D9A-4650-94B2-70D365E39AD7}
	EndGlobalSection
EndGlobal
